{
  "name": "red-sanyue-wechat-ar-tfjs",
  "version": "1.0.0",
  "lockfileVersion": 1,
  "requires": true,
  "dependencies": {
    "@tensorflow-models/blazeface": {
      "version": "0.0.7",
      "resolved": "https://registry.npm.taobao.org/@tensorflow-models/blazeface/download/@tensorflow-models/blazeface-0.0.7.tgz",
      "integrity": "sha1-ChZJmgzJf8h+Ea4feBQHMcX2O/I="
    },
    "@tensorflow-models/face-landmarks-detection": {
      "version": "0.0.3",
      "resolved": "https://registry.npm.taobao.org/@tensorflow-models/face-landmarks-detection/download/@tensorflow-models/face-landmarks-detection-0.0.3.tgz",
      "integrity": "sha1-b987SaUHlqzwi36jUPjqWlpF7KE=",
      "requires": {
        "@tensorflow-models/blazeface": "0.0.7",
        "rimraf": "3.0.2"
      }
    },
    "@tensorflow-models/handpose": {
      "version": "0.0.6",
      "resolved": "https://registry.nlark.com/@tensorflow-models/handpose/download/@tensorflow-models/handpose-0.0.6.tgz",
      "integrity": "sha1-nLODzipyNQGoPQAShBRdmjBwP3c=",
      "requires": {
        "rimraf": "3.0.2"
      }
    },
    "@tensorflow/tfjs-backend-cpu": {
      "version": "2.1.0",
      "resolved": "https://registry.npm.taobao.org/@tensorflow/tfjs-backend-cpu/download/@tensorflow/tfjs-backend-cpu-2.1.0.tgz",
      "integrity": "sha1-Bnj/P9aM5L8dRJP0kD777ZteyxA=",
      "requires": {
        "@types/seedrandom": "2.4.27",
        "seedrandom": "2.4.3"
      }
    },
    "@tensorflow/tfjs-backend-webgl": {
      "version": "2.1.0",
      "resolved": "https://registry.npm.taobao.org/@tensorflow/tfjs-backend-webgl/download/@tensorflow/tfjs-backend-webgl-2.1.0.tgz",
      "integrity": "sha1-9v6wmx4Dmj7IgpVl61lemCkltzQ=",
      "requires": {
        "@tensorflow/tfjs-backend-cpu": "2.1.0",
        "@types/offscreencanvas": "2019.3.0",
        "@types/seedrandom": "2.4.27",
        "@types/webgl-ext": "0.0.30",
        "@types/webgl2": "0.0.4",
        "seedrandom": "2.4.3"
      }
    },
    "@tensorflow/tfjs-converter": {
      "version": "2.1.0",
      "resolved": "https://registry.npm.taobao.org/@tensorflow/tfjs-converter/download/@tensorflow/tfjs-converter-2.1.0.tgz",
      "integrity": "sha1-PdIm8RyrQSzr8LP40rf2m7/umU8="
    },
    "@tensorflow/tfjs-core": {
      "version": "2.1.0",
      "resolved": "https://registry.npm.taobao.org/@tensorflow/tfjs-core/download/@tensorflow/tfjs-core-2.1.0.tgz",
      "integrity": "sha1-dGvj21bHlDuoSAxw91cIStScetE=",
      "requires": {
        "@types/offscreencanvas": "2019.3.0",
        "@types/seedrandom": "2.4.27",
        "@types/webgl-ext": "0.0.30",
        "@types/webgl2": "0.0.4",
        "node-fetch": "2.1.2",
        "seedrandom": "2.4.3"
      }
    },
    "@types/offscreencanvas": {
      "version": "2019.3.0",
      "resolved": "https://registry.npm.taobao.org/@types/offscreencanvas/download/@types/offscreencanvas-2019.3.0.tgz",
      "integrity": "sha1-MzZCjsfpGAz0Vm3+pdoE61hqZVM="
    },
    "@types/seedrandom": {
      "version": "2.4.27",
      "resolved": "https://registry.npm.taobao.org/@types/seedrandom/download/@types/seedrandom-2.4.27.tgz",
      "integrity": "sha1-nbVjk33YaRX2kJK8QyWdL0hXjkE="
    },
    "@types/webgl-ext": {
      "version": "0.0.30",
      "resolved": "https://registry.npm.taobao.org/@types/webgl-ext/download/@types/webgl-ext-0.0.30.tgz",
      "integrity": "sha1-DOSYwWpBoj0VKJ4LhE2UWyXw+50="
    },
    "@types/webgl2": {
      "version": "0.0.4",
      "resolved": "https://registry.npm.taobao.org/@types/webgl2/download/@types/webgl2-0.0.4.tgz",
      "integrity": "sha1-w7D51rRlxmE46E5kyzvfg3PCwnk="
    },
    "abab": {
      "version": "2.0.0",
      "resolved": "https://registry.npm.taobao.org/abab/download/abab-2.0.0.tgz",
      "integrity": "sha1-q6CrTF7uLUx500h9hUUPsjduuw8="
    },
    "balanced-match": {
      "version": "1.0.0",
      "resolved": "https://registry.npm.taobao.org/balanced-match/download/balanced-match-1.0.0.tgz",
      "integrity": "sha1-ibTRmasr7kneFk6gK4nORi1xt2c="
    },
    "base64-js": {
      "version": "1.3.1",
      "resolved": "https://registry.npm.taobao.org/base64-js/download/base64-js-1.3.1.tgz?cache=0&other_urls=https%3A%2F%2Fregistry.npm.taobao.org%2Fbase64-js%2Fdownload%2Fbase64-js-1.3.1.tgz",
      "integrity": "sha1-WOzoy3XdB+ce0IxzarxfrE2/jfE="
    },
    "brace-expansion": {
      "version": "1.1.11",
      "resolved": "https://registry.npm.taobao.org/brace-expansion/download/brace-expansion-1.1.11.tgz",
      "integrity": "sha1-PH/L9SnYcibz0vUrlm/1Jx60Qd0=",
      "requires": {
        "balanced-match": "1.0.0",
        "concat-map": "0.0.1"
      }
    },
    "concat-map": {
      "version": "0.0.1",
      "resolved": "https://registry.npm.taobao.org/concat-map/download/concat-map-0.0.1.tgz",
      "integrity": "sha1-2Klr13/Wjfd5OnMDajug1UBdR3s="
    },
    "fetch-wechat": {
      "version": "0.0.3",
      "resolved": "https://registry.npm.taobao.org/fetch-wechat/download/fetch-wechat-0.0.3.tgz",
      "integrity": "sha1-J4nDMqJL+fQRS1gMAtKTRkbnTxI="
    },
    "fs.realpath": {
      "version": "1.0.0",
      "resolved": "https://registry.npm.taobao.org/fs.realpath/download/fs.realpath-1.0.0.tgz",
      "integrity": "sha1-FQStJSMVjKpA20onh8sBQRmU6k8="
    },
    "glob": {
      "version": "7.1.6",
      "resolved": "https://registry.npm.taobao.org/glob/download/glob-7.1.6.tgz",
      "integrity": "sha1-FB8zuBp8JJLhJVlDB0gMRmeSeKY=",
      "requires": {
        "fs.realpath": "1.0.0",
        "inflight": "1.0.6",
        "inherits": "2.0.4",
        "minimatch": "3.0.4",
        "once": "1.4.0",
        "path-is-absolute": "1.0.1"
      }
    },
    "inflight": {
      "version": "1.0.6",
      "resolved": "https://registry.npm.taobao.org/inflight/download/inflight-1.0.6.tgz",
      "integrity": "sha1-Sb1jMdfQLQwJvJEKEHW6gWW1bfk=",
      "requires": {
        "once": "1.4.0",
        "wrappy": "1.0.2"
      }
    },
    "inherits": {
      "version": "2.0.4",
      "resolved": "https://registry.npm.taobao.org/inherits/download/inherits-2.0.4.tgz",
      "integrity": "sha1-D6LGT5MpF8NDOg3tVTY6rjdBa3w="
    },
    "minimatch": {
      "version": "3.0.4",
      "resolved": "https://registry.npm.taobao.org/minimatch/download/minimatch-3.0.4.tgz",
      "integrity": "sha1-UWbihkV/AzBgZL5Ul+jbsMPTIIM=",
      "requires": {
        "brace-expansion": "1.1.11"
      }
    },
    "node-fetch": {
      "version": "2.1.2",
      "resolved": "https://registry.npm.taobao.org/node-fetch/download/node-fetch-2.1.2.tgz?cache=0&sync_timestamp=1599309667528&other_urls=https%3A%2F%2Fregistry.npm.taobao.org%2Fnode-fetch%2Fdownload%2Fnode-fetch-2.1.2.tgz",
      "integrity": "sha1-q4hOjn5X44qUR1POxwb3iNF2i7U="
    },
    "once": {
      "version": "1.4.0",
      "resolved": "https://registry.npm.taobao.org/once/download/once-1.4.0.tgz",
      "integrity": "sha1-WDsap3WWHUsROsF9nFC6753Xa9E=",
      "requires": {
        "wrappy": "1.0.2"
      }
    },
    "path-is-absolute": {
      "version": "1.0.1",
      "resolved": "https://registry.npm.taobao.org/path-is-absolute/download/path-is-absolute-1.0.1.tgz",
      "integrity": "sha1-F0uSaHNVNP+8es5r9TpanhtcX18="
    },
    "rimraf": {
      "version": "3.0.2",
      "resolved": "https://registry.npm.taobao.org/rimraf/download/rimraf-3.0.2.tgz",
      "integrity": "sha1-8aVAK6YiCtUswSgrrBrjqkn9Bho=",
      "requires": {
        "glob": "7.1.6"
      }
    },
    "seedrandom": {
      "version": "2.4.3",
      "resolved": "https://registry.npm.taobao.org/seedrandom/download/seedrandom-2.4.3.tgz",
      "integrity": "sha1-JDhQTa0zkXMUv/GKxNeU8W1qrsw="
    },
    "text-encoder": {
      "version": "0.0.4",
      "resolved": "https://registry.npm.taobao.org/text-encoder/download/text-encoder-0.0.4.tgz",
      "integrity": "sha1-++5Mb7JR3QLi9A+Zg93WjFwWbiw="
    },
    "threejs-miniprogram": {
      "version": "0.0.2",
      "resolved": "https://registry.npm.taobao.org/threejs-miniprogram/download/threejs-miniprogram-0.0.2.tgz",
      "integrity": "sha1-XKYB6hXNiuuazLYe5GeS7tq8uTM="
    },
    "wrappy": {
      "version": "1.0.2",
      "resolved": "https://registry.npm.taobao.org/wrappy/download/wrappy-1.0.2.tgz",
      "integrity": "sha1-tSQ9jz7BqjXxNkYFvA0QNuMKtp8="
    }
  }
}
